github.com/go-sql-driver/mysql v1.6.0 h1:BCTh4TKNUYmOmMUcQ3IipzF5prigylS7XXjEkfCHuOE=
github.com/go-sql-driver/mysql v1.6.0/go.mod h1:DCzpHaOWr8IXmIStZouvnhqoel9Qv2LBy8hT2VhHyBg=
github.com/lesismal/sqlw v0.0.0-20220623051714-6ccf9421d719 h1:IfFEB3NVcFAYFeefHsxAk196wX0zhDM1mefNSWJSOp4=
github.com/lesismal/sqlw v0.0.0-20220623051714-6ccf9421d719/go.mod h1:54cbG4NdBqhiQevRfcqGujnCfiQ9Hm23sbbONSHCt8A=
